
Microsoft Visual Studio Solution File, Format Version 12.00
# Visual Studio Version 16
VisualStudioVersion = 16.0.30717.126
MinimumVisualStudioVersion = 10.0.40219.1
Project("{FAE04EC0-301F-11D3-BF4B-00C04F79EFBC}") = "LearningProject", "LearningProject\LearningProject.csproj", "{1337CD72-9E24-4042-A375-079EB6AECC8D}"
EndProject
Global
	GlobalSection(SolutionConfigurationPlatforms) = preSolution
		Debug|Any CPU = Debug|Any CPU
		Release|Any CPU = Release|Any CPU
	EndGlobalSection
	GlobalSection(ProjectConfigurationPlatforms) = postSolution
		{1337CD72-9E24-4042-A375-079EB6AECC8D}.Debug|Any CPU.ActiveCfg = Debug|Any CPU
		{1337CD72-9E24-4042-A375-079EB6AECC8D}.Debug|Any CPU.Build.0 = Debug|Any CPU
		{1337CD72-9E24-4042-A375-079EB6AECC8D}.Release|Any CPU.ActiveCfg = Release|Any CPU
		{1337CD72-9E24-4042-A375-079EB6AECC8D}.Release|Any CPU.Build.0 = Release|Any CPU
	EndGlobalSection
	GlobalSection(SolutionProperties) = preSolution
		HideSolutionNode = FALSE
	EndGlobalSection
	GlobalSection(ExtensibilityGlobals) = postSolution
		SolutionGuid = {11177BCC-E1A2-44D3-A1C4-773B54D7257C}
	EndGlobalSection
EndGlobal
